// !$*UTF8*$!
{
	archiveVersion = 1;
	classes = {
	};
	objectVersion = 56;
	objects = {

/* Begin PBXBuildFile section */
		37C104E02B7D2BD6003D87FA /* Solvedex_ChallengeApp.swift in Sources */ = {isa = PBXBuildFile; fileRef = 37C104DF2B7D2BD6003D87FA /* Solvedex_ChallengeApp.swift */; };
		37C104E22B7D2BD6003D87FA /* ContentView.swift in Sources */ = {isa = PBXBuildFile; fileRef = 37C104E12B7D2BD6003D87FA /* ContentView.swift */; };
		37C104E42B7D2BD8003D87FA /* Assets.xcassets in Resources */ = {isa = PBXBuildFile; fileRef = 37C104E32B7D2BD8003D87FA /* Assets.xcassets */; };
		37C104E82B7D2BD8003D87FA /* Preview Assets.xcassets in Resources */ = {isa = PBXBuildFile; fileRef = 37C104E72B7D2BD8003D87FA /* Preview Assets.xcassets */; };
		37C104F22B7D2BD8003D87FA /* Solvedex_ChallengeTests.swift in Sources */ = {isa = PBXBuildFile; fileRef = 37C104F12B7D2BD8003D87FA /* Solvedex_ChallengeTests.swift */; };
		37C104FC2B7D2BD8003D87FA /* Solvedex_ChallengeUITests.swift in Sources */ = {isa = PBXBuildFile; fileRef = 37C104FB2B7D2BD8003D87FA /* Solvedex_ChallengeUITests.swift */; };
		37C104FE2B7D2BD8003D87FA /* Solvedex_ChallengeUITestsLaunchTests.swift in Sources */ = {isa = PBXBuildFile; fileRef = 37C104FD2B7D2BD8003D87FA /* Solvedex_ChallengeUITestsLaunchTests.swift */; };
		37C1050D2B7D2C17003D87FA /* HomeRowView.swift in Sources */ = {isa = PBXBuildFile; fileRef = 37C1050C2B7D2C17003D87FA /* HomeRowView.swift */; };
		37C1050F2B7D3799003D87FA /* HomeView.swift in Sources */ = {isa = PBXBuildFile; fileRef = 37C1050E2B7D3799003D87FA /* HomeView.swift */; };
		37C105132B7D4BE5003D87FA /* DogService.swift in Sources */ = {isa = PBXBuildFile; fileRef = 37C105122B7D4BE5003D87FA /* DogService.swift */; };
		37C105152B7D5740003D87FA /* CacheAsyncImage.swift in Sources */ = {isa = PBXBuildFile; fileRef = 37C105142B7D5740003D87FA /* CacheAsyncImage.swift */; };
		37C105172B7D633D003D87FA /* Dog.swift in Sources */ = {isa = PBXBuildFile; fileRef = 37C105162B7D633D003D87FA /* Dog.swift */; };
		37C1051C2B7D69AB003D87FA /* CachedAsyncImage in Frameworks */ = {isa = PBXBuildFile; productRef = 37C1051B2B7D69AB003D87FA /* CachedAsyncImage */; };
		37C1051E2B7D7351003D87FA /* DogsResponse.swift in Sources */ = {isa = PBXBuildFile; fileRef = 37C1051D2B7D7351003D87FA /* DogsResponse.swift */; };
		37C105202B7D736A003D87FA /* DogServiceError.swift in Sources */ = {isa = PBXBuildFile; fileRef = 37C1051F2B7D736A003D87FA /* DogServiceError.swift */; };
		37C105222B7D7999003D87FA /* DogLoader.swift in Sources */ = {isa = PBXBuildFile; fileRef = 37C105212B7D7999003D87FA /* DogLoader.swift */; };
		37C105242B7D80FE003D87FA /* DogServiceTest.swift in Sources */ = {isa = PBXBuildFile; fileRef = 37C105232B7D80FE003D87FA /* DogServiceTest.swift */; };
		37C105282B7D8B92003D87FA /* URLs.swift in Sources */ = {isa = PBXBuildFile; fileRef = 37C105272B7D8B92003D87FA /* URLs.swift */; };
		37C105292B7D8CEA003D87FA /* URLs.swift in Sources */ = {isa = PBXBuildFile; fileRef = 37C105272B7D8B92003D87FA /* URLs.swift */; };
		37C1052A2B7D9008003D87FA /* DogService.swift in Sources */ = {isa = PBXBuildFile; fileRef = 37C105122B7D4BE5003D87FA /* DogService.swift */; };
		37C1052D2B7D9010003D87FA /* DogsResponse.swift in Sources */ = {isa = PBXBuildFile; fileRef = 37C1051D2B7D7351003D87FA /* DogsResponse.swift */; };
		37C1052E2B7D9010003D87FA /* Dog.swift in Sources */ = {isa = PBXBuildFile; fileRef = 37C105162B7D633D003D87FA /* Dog.swift */; };
		37C1052F2B7D9010003D87FA /* DogServiceError.swift in Sources */ = {isa = PBXBuildFile; fileRef = 37C1051F2B7D736A003D87FA /* DogServiceError.swift */; };
		37C105302B7D9014003D87FA /* DogLoader.swift in Sources */ = {isa = PBXBuildFile; fileRef = 37C105212B7D7999003D87FA /* DogLoader.swift */; };
/* End PBXBuildFile section */

/* Begin PBXContainerItemProxy section */
		37C104EE2B7D2BD8003D87FA /* PBXContainerItemProxy */ = {
			isa = PBXContainerItemProxy;
			containerPortal = 37C104D42B7D2BD6003D87FA /* Project object */;
			proxyType = 1;
			remoteGlobalIDString = 37C104DB2B7D2BD6003D87FA;
			remoteInfo = "Solvedex Challenge";
		};
		37C104F82B7D2BD8003D87FA /* PBXContainerItemProxy */ = {
			isa = PBXContainerItemProxy;
			containerPortal = 37C104D42B7D2BD6003D87FA /* Project object */;
			proxyType = 1;
			remoteGlobalIDString = 37C104DB2B7D2BD6003D87FA;
			remoteInfo = "Solvedex Challenge";
		};
/* End PBXContainerItemProxy section */

/* Begin PBXFileReference section */
		37C104DC2B7D2BD6003D87FA /* Solvedex Challenge.app */ = {isa = PBXFileReference; explicitFileType = wrapper.application; includeInIndex = 0; path = "Solvedex Challenge.app"; sourceTree = BUILT_PRODUCTS_DIR; };
		37C104DF2B7D2BD6003D87FA /* Solvedex_ChallengeApp.swift */ = {isa = PBXFileReference; lastKnownFileType = sourcecode.swift; path = Solvedex_ChallengeApp.swift; sourceTree = "<group>"; };
		37C104E12B7D2BD6003D87FA /* ContentView.swift */ = {isa = PBXFileReference; lastKnownFileType = sourcecode.swift; path = ContentView.swift; sourceTree = "<group>"; };
		37C104E32B7D2BD8003D87FA /* Assets.xcassets */ = {isa = PBXFileReference; lastKnownFileType = folder.assetcatalog; path = Assets.xcassets; sourceTree = "<group>"; };
		37C104E52B7D2BD8003D87FA /* Solvedex_Challenge.entitlements */ = {isa = PBXFileReference; lastKnownFileType = text.plist.entitlements; path = Solvedex_Challenge.entitlements; sourceTree = "<group>"; };
		37C104E72B7D2BD8003D87FA /* Preview Assets.xcassets */ = {isa = PBXFileReference; lastKnownFileType = folder.assetcatalog; path = "Preview Assets.xcassets"; sourceTree = "<group>"; };
		37C104ED2B7D2BD8003D87FA /* Solvedex ChallengeTests.xctest */ = {isa = PBXFileReference; explicitFileType = wrapper.cfbundle; includeInIndex = 0; path = "Solvedex ChallengeTests.xctest"; sourceTree = BUILT_PRODUCTS_DIR; };
		37C104F12B7D2BD8003D87FA /* Solvedex_ChallengeTests.swift */ = {isa = PBXFileReference; lastKnownFileType = sourcecode.swift; path = Solvedex_ChallengeTests.swift; sourceTree = "<group>"; };
		37C104F72B7D2BD8003D87FA /* Solvedex ChallengeUITests.xctest */ = {isa = PBXFileReference; explicitFileType = wrapper.cfbundle; includeInIndex = 0; path = "Solvedex ChallengeUITests.xctest"; sourceTree = BUILT_PRODUCTS_DIR; };
		37C104FB2B7D2BD8003D87FA /* Solvedex_ChallengeUITests.swift */ = {isa = PBXFileReference; lastKnownFileType = sourcecode.swift; path = Solvedex_ChallengeUITests.swift; sourceTree = "<group>"; };
		37C104FD2B7D2BD8003D87FA /* Solvedex_ChallengeUITestsLaunchTests.swift */ = {isa = PBXFileReference; lastKnownFileType = sourcecode.swift; path = Solvedex_ChallengeUITestsLaunchTests.swift; sourceTree = "<group>"; };
		37C1050C2B7D2C17003D87FA /* HomeRowView.swift */ = {isa = PBXFileReference; lastKnownFileType = sourcecode.swift; path = HomeRowView.swift; sourceTree = "<group>"; };
		37C1050E2B7D3799003D87FA /* HomeView.swift */ = {isa = PBXFileReference; lastKnownFileType = sourcecode.swift; path = HomeView.swift; sourceTree = "<group>"; };
		37C105122B7D4BE5003D87FA /* DogService.swift */ = {isa = PBXFileReference; lastKnownFileType = sourcecode.swift; path = DogService.swift; sourceTree = "<group>"; };
		37C105142B7D5740003D87FA /* CacheAsyncImage.swift */ = {isa = PBXFileReference; lastKnownFileType = sourcecode.swift; path = CacheAsyncImage.swift; sourceTree = "<group>"; };
		37C105162B7D633D003D87FA /* Dog.swift */ = {isa = PBXFileReference; lastKnownFileType = sourcecode.swift; path = Dog.swift; sourceTree = "<group>"; };
		37C1051D2B7D7351003D87FA /* DogsResponse.swift */ = {isa = PBXFileReference; lastKnownFileType = sourcecode.swift; path = DogsResponse.swift; sourceTree = "<group>"; };
		37C1051F2B7D736A003D87FA /* DogServiceError.swift */ = {isa = PBXFileReference; lastKnownFileType = sourcecode.swift; path = DogServiceError.swift; sourceTree = "<group>"; };
		37C105212B7D7999003D87FA /* DogLoader.swift */ = {isa = PBXFileReference; lastKnownFileType = sourcecode.swift; path = DogLoader.swift; sourceTree = "<group>"; };
		37C105232B7D80FE003D87FA /* DogServiceTest.swift */ = {isa = PBXFileReference; lastKnownFileType = sourcecode.swift; path = DogServiceTest.swift; sourceTree = "<group>"; };
		37C105272B7D8B92003D87FA /* URLs.swift */ = {isa = PBXFileReference; lastKnownFileType = sourcecode.swift; path = URLs.swift; sourceTree = "<group>"; };
/* End PBXFileReference section */

/* Begin PBXFrameworksBuildPhase section */
		37C104D92B7D2BD6003D87FA /* Frameworks */ = {
			isa = PBXFrameworksBuildPhase;
			buildActionMask = 2147483647;
			files = (
				37C1051C2B7D69AB003D87FA /* CachedAsyncImage in Frameworks */,
			);
			runOnlyForDeploymentPostprocessing = 0;
		};
		37C104EA2B7D2BD8003D87FA /* Frameworks */ = {
			isa = PBXFrameworksBuildPhase;
			buildActionMask = 2147483647;
			files = (
			);
			runOnlyForDeploymentPostprocessing = 0;
		};
		37C104F42B7D2BD8003D87FA /* Frameworks */ = {
			isa = PBXFrameworksBuildPhase;
			buildActionMask = 2147483647;
			files = (
			);
			runOnlyForDeploymentPostprocessing = 0;
		};
/* End PBXFrameworksBuildPhase section */

/* Begin PBXGroup section */
		37C104D32B7D2BD6003D87FA = {
			isa = PBXGroup;
			children = (
				37C104DE2B7D2BD6003D87FA /* Solvedex Challenge */,
				37C104F02B7D2BD8003D87FA /* Solvedex ChallengeTests */,
				37C104FA2B7D2BD8003D87FA /* Solvedex ChallengeUITests */,
				37C104DD2B7D2BD6003D87FA /* Products */,
			);
			sourceTree = "<group>";
		};
		37C104DD2B7D2BD6003D87FA /* Products */ = {
			isa = PBXGroup;
			children = (
				37C104DC2B7D2BD6003D87FA /* Solvedex Challenge.app */,
				37C104ED2B7D2BD8003D87FA /* Solvedex ChallengeTests.xctest */,
				37C104F72B7D2BD8003D87FA /* Solvedex ChallengeUITests.xctest */,
			);
			name = Products;
			sourceTree = "<group>";
		};
		37C104DE2B7D2BD6003D87FA /* Solvedex Challenge */ = {
			isa = PBXGroup;
			children = (
				37C104DF2B7D2BD6003D87FA /* Solvedex_ChallengeApp.swift */,
				37C104E12B7D2BD6003D87FA /* ContentView.swift */,
				37C105262B7D8B70003D87FA /* Network */,
				37C1050A2B7D2BED003D87FA /* Home */,
				37C105192B7D6492003D87FA /* Cache */,
				37C104E32B7D2BD8003D87FA /* Assets.xcassets */,
				37C104E52B7D2BD8003D87FA /* Solvedex_Challenge.entitlements */,
				37C104E62B7D2BD8003D87FA /* Preview Content */,
			);
			path = "Solvedex Challenge";
			sourceTree = "<group>";
		};
		37C104E62B7D2BD8003D87FA /* Preview Content */ = {
			isa = PBXGroup;
			children = (
				37C104E72B7D2BD8003D87FA /* Preview Assets.xcassets */,
			);
			path = "Preview Content";
			sourceTree = "<group>";
		};
		37C104F02B7D2BD8003D87FA /* Solvedex ChallengeTests */ = {
			isa = PBXGroup;
			children = (
				37C104F12B7D2BD8003D87FA /* Solvedex_ChallengeTests.swift */,
				37C105232B7D80FE003D87FA /* DogServiceTest.swift */,
			);
			path = "Solvedex ChallengeTests";
			sourceTree = "<group>";
		};
		37C104FA2B7D2BD8003D87FA /* Solvedex ChallengeUITests */ = {
			isa = PBXGroup;
			children = (
				37C104FB2B7D2BD8003D87FA /* Solvedex_ChallengeUITests.swift */,
				37C104FD2B7D2BD8003D87FA /* Solvedex_ChallengeUITestsLaunchTests.swift */,
			);
			path = "Solvedex ChallengeUITests";
			sourceTree = "<group>";
		};
		37C1050A2B7D2BED003D87FA /* Home */ = {
			isa = PBXGroup;
			children = (
				37C105182B7D6346003D87FA /* Model */,
				37C105112B7D4B56003D87FA /* Service */,
				37C105102B7D4B48003D87FA /* Presentation */,
			);
			path = Home;
			sourceTree = "<group>";
		};
		37C1050B2B7D2BF2003D87FA /* Components */ = {
			isa = PBXGroup;
			children = (
				37C1050C2B7D2C17003D87FA /* HomeRowView.swift */,
			);
			path = Components;
			sourceTree = "<group>";
		};
		37C105102B7D4B48003D87FA /* Presentation */ = {
			isa = PBXGroup;
			children = (
				37C105312B7D9683003D87FA /* UIKit */,
				37C1050B2B7D2BF2003D87FA /* Components */,
				37C1050E2B7D3799003D87FA /* HomeView.swift */,
			);
			path = Presentation;
			sourceTree = "<group>";
		};
		37C105112B7D4B56003D87FA /* Service */ = {
			isa = PBXGroup;
			children = (
				37C105122B7D4BE5003D87FA /* DogService.swift */,
				37C105212B7D7999003D87FA /* DogLoader.swift */,
			);
			path = Service;
			sourceTree = "<group>";
		};
		37C105182B7D6346003D87FA /* Model */ = {
			isa = PBXGroup;
			children = (
				37C105162B7D633D003D87FA /* Dog.swift */,
				37C1051D2B7D7351003D87FA /* DogsResponse.swift */,
				37C1051F2B7D736A003D87FA /* DogServiceError.swift */,
			);
			path = Model;
			sourceTree = "<group>";
		};
		37C105192B7D6492003D87FA /* Cache */ = {
			isa = PBXGroup;
			children = (
				37C105142B7D5740003D87FA /* CacheAsyncImage.swift */,
			);
			path = Cache;
			sourceTree = "<group>";
		};
		37C105262B7D8B70003D87FA /* Network */ = {
			isa = PBXGroup;
			children = (
				37C105272B7D8B92003D87FA /* URLs.swift */,
			);
			path = Network;
			sourceTree = "<group>";
		};
		37C105312B7D9683003D87FA /* UIKit */ = {
			isa = PBXGroup;
			children = (
			);
			path = UIKit;
			sourceTree = "<group>";
		};
/* End PBXGroup section */

/* Begin PBXNativeTarget section */
		37C104DB2B7D2BD6003D87FA /* Solvedex Challenge */ = {
			isa = PBXNativeTarget;
			buildConfigurationList = 37C105012B7D2BD8003D87FA /* Build configuration list for PBXNativeTarget "Solvedex Challenge" */;
			buildPhases = (
				37C104D82B7D2BD6003D87FA /* Sources */,
				37C104D92B7D2BD6003D87FA /* Frameworks */,
				37C104DA2B7D2BD6003D87FA /* Resources */,
			);
			buildRules = (
			);
			dependencies = (
			);
			name = "Solvedex Challenge";
			packageProductDependencies = (
				37C1051B2B7D69AB003D87FA /* CachedAsyncImage */,
			);
			productName = "Solvedex Challenge";
			productReference = 37C104DC2B7D2BD6003D87FA /* Solvedex Challenge.app */;
			productType = "com.apple.product-type.application";
		};
		37C104EC2B7D2BD8003D87FA /* Solvedex ChallengeTests */ = {
			isa = PBXNativeTarget;
			buildConfigurationList = 37C105042B7D2BD8003D87FA /* Build configuration list for PBXNativeTarget "Solvedex ChallengeTests" */;
			buildPhases = (
				37C104E92B7D2BD8003D87FA /* Sources */,
				37C104EA2B7D2BD8003D87FA /* Frameworks */,
				37C104EB2B7D2BD8003D87FA /* Resources */,
			);
			buildRules = (
			);
			dependencies = (
				37C104EF2B7D2BD8003D87FA /* PBXTargetDependency */,
			);
			name = "Solvedex ChallengeTests";
			productName = "Solvedex ChallengeTests";
			productReference = 37C104ED2B7D2BD8003D87FA /* Solvedex ChallengeTests.xctest */;
			productType = "com.apple.product-type.bundle.unit-test";
		};
		37C104F62B7D2BD8003D87FA /* Solvedex ChallengeUITests */ = {
			isa = PBXNativeTarget;
			buildConfigurationList = 37C105072B7D2BD8003D87FA /* Build configuration list for PBXNativeTarget "Solvedex ChallengeUITests" */;
			buildPhases = (
				37C104F32B7D2BD8003D87FA /* Sources */,
				37C104F42B7D2BD8003D87FA /* Frameworks */,
				37C104F52B7D2BD8003D87FA /* Resources */,
			);
			buildRules = (
			);
			dependencies = (
				37C104F92B7D2BD8003D87FA /* PBXTargetDependency */,
			);
			name = "Solvedex ChallengeUITests";
			productName = "Solvedex ChallengeUITests";
			productReference = 37C104F72B7D2BD8003D87FA /* Solvedex ChallengeUITests.xctest */;
			productType = "com.apple.product-type.bundle.ui-testing";
		};
/* End PBXNativeTarget section */

/* Begin PBXProject section */
		37C104D42B7D2BD6003D87FA /* Project object */ = {
			isa = PBXProject;
			attributes = {
				BuildIndependentTargetsInParallel = 1;
				LastSwiftUpdateCheck = 1520;
				LastUpgradeCheck = 1520;
				TargetAttributes = {
					37C104DB2B7D2BD6003D87FA = {
						CreatedOnToolsVersion = 15.2;
					};
					37C104EC2B7D2BD8003D87FA = {
						CreatedOnToolsVersion = 15.2;
						TestTargetID = 37C104DB2B7D2BD6003D87FA;
					};
					37C104F62B7D2BD8003D87FA = {
						CreatedOnToolsVersion = 15.2;
						TestTargetID = 37C104DB2B7D2BD6003D87FA;
					};
				};
			};
			buildConfigurationList = 37C104D72B7D2BD6003D87FA /* Build configuration list for PBXProject "Solvedex Challenge" */;
			compatibilityVersion = "Xcode 14.0";
			developmentRegion = en;
			hasScannedForEncodings = 0;
			knownRegions = (
				en,
				Base,
			);
			mainGroup = 37C104D32B7D2BD6003D87FA;
			packageReferences = (
				37C1051A2B7D69AB003D87FA /* XCRemoteSwiftPackageReference "swiftui-cached-async-image" */,
			);
			productRefGroup = 37C104DD2B7D2BD6003D87FA /* Products */;
			projectDirPath = "";
			projectRoot = "";
			targets = (
				37C104DB2B7D2BD6003D87FA /* Solvedex Challenge */,
				37C104EC2B7D2BD8003D87FA /* Solvedex ChallengeTests */,
				37C104F62B7D2BD8003D87FA /* Solvedex ChallengeUITests */,
			);
		};
/* End PBXProject section */

/* Begin PBXResourcesBuildPhase section */
		37C104DA2B7D2BD6003D87FA /* Resources */ = {
			isa = PBXResourcesBuildPhase;
			buildActionMask = 2147483647;
			files = (
				37C104E82B7D2BD8003D87FA /* Preview Assets.xcassets in Resources */,
				37C104E42B7D2BD8003D87FA /* Assets.xcassets in Resources */,
			);
			runOnlyForDeploymentPostprocessing = 0;
		};
		37C104EB2B7D2BD8003D87FA /* Resources */ = {
			isa = PBXResourcesBuildPhase;
			buildActionMask = 2147483647;
			files = (
			);
			runOnlyForDeploymentPostprocessing = 0;
		};
		37C104F52B7D2BD8003D87FA /* Resources */ = {
			isa = PBXResourcesBuildPhase;
			buildActionMask = 2147483647;
			files = (
			);
			runOnlyForDeploymentPostprocessing = 0;
		};
/* End PBXResourcesBuildPhase section */

/* Begin PBXSourcesBuildPhase section */
		37C104D82B7D2BD6003D87FA /* Sources */ = {
			isa = PBXSourcesBuildPhase;
			buildActionMask = 2147483647;
			files = (
				37C104E22B7D2BD6003D87FA /* ContentView.swift in Sources */,
				37C1051E2B7D7351003D87FA /* DogsResponse.swift in Sources */,
				37C105172B7D633D003D87FA /* Dog.swift in Sources */,
				37C105282B7D8B92003D87FA /* URLs.swift in Sources */,
				37C105222B7D7999003D87FA /* DogLoader.swift in Sources */,
				37C105202B7D736A003D87FA /* DogServiceError.swift in Sources */,
				37C105132B7D4BE5003D87FA /* DogService.swift in Sources */,
				37C1050F2B7D3799003D87FA /* HomeView.swift in Sources */,
				37C104E02B7D2BD6003D87FA /* Solvedex_ChallengeApp.swift in Sources */,
				37C1050D2B7D2C17003D87FA /* HomeRowView.swift in Sources */,
				37C105152B7D5740003D87FA /* CacheAsyncImage.swift in Sources */,
			);
			runOnlyForDeploymentPostprocessing = 0;
		};
		37C104E92B7D2BD8003D87FA /* Sources */ = {
			isa = PBXSourcesBuildPhase;
			buildActionMask = 2147483647;
			files = (
				37C105242B7D80FE003D87FA /* DogServiceTest.swift in Sources */,
				37C1052A2B7D9008003D87FA /* DogService.swift in Sources */,
				37C1052E2B7D9010003D87FA /* Dog.swift in Sources */,
				37C105302B7D9014003D87FA /* DogLoader.swift in Sources */,
				37C1052D2B7D9010003D87FA /* DogsResponse.swift in Sources */,
				37C1052F2B7D9010003D87FA /* DogServiceError.swift in Sources */,
				37C104F22B7D2BD8003D87FA /* Solvedex_ChallengeTests.swift in Sources */,
				37C105292B7D8CEA003D87FA /* URLs.swift in Sources */,
			);
			runOnlyForDeploymentPostprocessing = 0;
		};
		37C104F32B7D2BD8003D87FA /* Sources */ = {
			isa = PBXSourcesBuildPhase;
			buildActionMask = 2147483647;
			files = (
				37C104FE2B7D2BD8003D87FA /* Solvedex_ChallengeUITestsLaunchTests.swift in Sources */,
				37C104FC2B7D2BD8003D87FA /* Solvedex_ChallengeUITests.swift in Sources */,
			);
			runOnlyForDeploymentPostprocessing = 0;
		};
/* End PBXSourcesBuildPhase section */

/* Begin PBXTargetDependency section */
		37C104EF2B7D2BD8003D87FA /* PBXTargetDependency */ = {
			isa = PBXTargetDependency;
			target = 37C104DB2B7D2BD6003D87FA /* Solvedex Challenge */;
			targetProxy = 37C104EE2B7D2BD8003D87FA /* PBXContainerItemProxy */;
		};
		37C104F92B7D2BD8003D87FA /* PBXTargetDependency */ = {
			isa = PBXTargetDependency;
			target = 37C104DB2B7D2BD6003D87FA /* Solvedex Challenge */;
			targetProxy = 37C104F82B7D2BD8003D87FA /* PBXContainerItemProxy */;
		};
/* End PBXTargetDependency section */

/* Begin XCBuildConfiguration section */
		37C104FF2B7D2BD8003D87FA /* Debug */ = {
			isa = XCBuildConfiguration;
			buildSettings = {
				ALWAYS_SEARCH_USER_PATHS = NO;
				ASSETCATALOG_COMPILER_GENERATE_SWIFT_ASSET_SYMBOL_EXTENSIONS = YES;
				CLANG_ANALYZER_NONNULL = YES;
				CLANG_ANALYZER_NUMBER_OBJECT_CONVERSION = YES_AGGRESSIVE;
				CLANG_CXX_LANGUAGE_STANDARD = "gnu++20";
				CLANG_ENABLE_MODULES = YES;
				CLANG_ENABLE_OBJC_ARC = YES;
				CLANG_ENABLE_OBJC_WEAK = YES;
				CLANG_WARN_BLOCK_CAPTURE_AUTORELEASING = YES;
				CLANG_WARN_BOOL_CONVERSION = YES;
				CLANG_WARN_COMMA = YES;
				CLANG_WARN_CONSTANT_CONVERSION = YES;
				CLANG_WARN_DEPRECATED_OBJC_IMPLEMENTATIONS = YES;
				CLANG_WARN_DIRECT_OBJC_ISA_USAGE = YES_ERROR;
				CLANG_WARN_DOCUMENTATION_COMMENTS = YES;
				CLANG_WARN_EMPTY_BODY = YES;
				CLANG_WARN_ENUM_CONVERSION = YES;
				CLANG_WARN_INFINITE_RECURSION = YES;
				CLANG_WARN_INT_CONVERSION = YES;
				CLANG_WARN_NON_LITERAL_NULL_CONVERSION = YES;
				CLANG_WARN_OBJC_IMPLICIT_RETAIN_SELF = YES;
				CLANG_WARN_OBJC_LITERAL_CONVERSION = YES;
				CLANG_WARN_OBJC_ROOT_CLASS = YES_ERROR;
				CLANG_WARN_QUOTED_INCLUDE_IN_FRAMEWORK_HEADER = YES;
				CLANG_WARN_RANGE_LOOP_ANALYSIS = YES;
				CLANG_WARN_STRICT_PROTOTYPES = YES;
				CLANG_WARN_SUSPICIOUS_MOVE = YES;
				CLANG_WARN_UNGUARDED_AVAILABILITY = YES_AGGRESSIVE;
				CLANG_WARN_UNREACHABLE_CODE = YES;
				CLANG_WARN__DUPLICATE_METHOD_MATCH = YES;
				COPY_PHASE_STRIP = NO;
				DEBUG_INFORMATION_FORMAT = dwarf;
				ENABLE_STRICT_OBJC_MSGSEND = YES;
				ENABLE_TESTABILITY = YES;
				ENABLE_USER_SCRIPT_SANDBOXING = YES;
				GCC_C_LANGUAGE_STANDARD = gnu17;
				GCC_DYNAMIC_NO_PIC = NO;
				GCC_NO_COMMON_BLOCKS = YES;
				GCC_OPTIMIZATION_LEVEL = 0;
				GCC_PREPROCESSOR_DEFINITIONS = (
					"DEBUG=1",
					"$(inherited)",
				);
				GCC_WARN_64_TO_32_BIT_CONVERSION = YES;
				GCC_WARN_ABOUT_RETURN_TYPE = YES_ERROR;
				GCC_WARN_UNDECLARED_SELECTOR = YES;
				GCC_WARN_UNINITIALIZED_AUTOS = YES_AGGRESSIVE;
				GCC_WARN_UNUSED_FUNCTION = YES;
				GCC_WARN_UNUSED_VARIABLE = YES;
				LOCALIZATION_PREFERS_STRING_CATALOGS = YES;
				MTL_ENABLE_DEBUG_INFO = INCLUDE_SOURCE;
				MTL_FAST_MATH = YES;
				ONLY_ACTIVE_ARCH = YES;
				SWIFT_ACTIVE_COMPILATION_CONDITIONS = "DEBUG $(inherited)";
				SWIFT_OPTIMIZATION_LEVEL = "-Onone";
			};
			name = Debug;
		};
		37C105002B7D2BD8003D87FA /* Release */ = {
			isa = XCBuildConfiguration;
			buildSettings = {
				ALWAYS_SEARCH_USER_PATHS = NO;
				ASSETCATALOG_COMPILER_GENERATE_SWIFT_ASSET_SYMBOL_EXTENSIONS = YES;
				CLANG_ANALYZER_NONNULL = YES;
				CLANG_ANALYZER_NUMBER_OBJECT_CONVERSION = YES_AGGRESSIVE;
				CLANG_CXX_LANGUAGE_STANDARD = "gnu++20";
				CLANG_ENABLE_MODULES = YES;
				CLANG_ENABLE_OBJC_ARC = YES;
				CLANG_ENABLE_OBJC_WEAK = YES;
				CLANG_WARN_BLOCK_CAPTURE_AUTORELEASING = YES;
				CLANG_WARN_BOOL_CONVERSION = YES;
				CLANG_WARN_COMMA = YES;
				CLANG_WARN_CONSTANT_CONVERSION = YES;
				CLANG_WARN_DEPRECATED_OBJC_IMPLEMENTATIONS = YES;
				CLANG_WARN_DIRECT_OBJC_ISA_USAGE = YES_ERROR;
				CLANG_WARN_DOCUMENTATION_COMMENTS = YES;
				CLANG_WARN_EMPTY_BODY = YES;
				CLANG_WARN_ENUM_CONVERSION = YES;
				CLANG_WARN_INFINITE_RECURSION = YES;
				CLANG_WARN_INT_CONVERSION = YES;
				CLANG_WARN_NON_LITERAL_NULL_CONVERSION = YES;
				CLANG_WARN_OBJC_IMPLICIT_RETAIN_SELF = YES;
				CLANG_WARN_OBJC_LITERAL_CONVERSION = YES;
				CLANG_WARN_OBJC_ROOT_CLASS = YES_ERROR;
				CLANG_WARN_QUOTED_INCLUDE_IN_FRAMEWORK_HEADER = YES;
				CLANG_WARN_RANGE_LOOP_ANALYSIS = YES;
				CLANG_WARN_STRICT_PROTOTYPES = YES;
				CLANG_WARN_SUSPICIOUS_MOVE = YES;
				CLANG_WARN_UNGUARDED_AVAILABILITY = YES_AGGRESSIVE;
				CLANG_WARN_UNREACHABLE_CODE = YES;
				CLANG_WARN__DUPLICATE_METHOD_MATCH = YES;
				COPY_PHASE_STRIP = NO;
				DEBUG_INFORMATION_FORMAT = "dwarf-with-dsym";
				ENABLE_NS_ASSERTIONS = NO;
				ENABLE_STRICT_OBJC_MSGSEND = YES;
				ENABLE_USER_SCRIPT_SANDBOXING = YES;
				GCC_C_LANGUAGE_STANDARD = gnu17;
				GCC_NO_COMMON_BLOCKS = YES;
				GCC_WARN_64_TO_32_BIT_CONVERSION = YES;
				GCC_WARN_ABOUT_RETURN_TYPE = YES_ERROR;
				GCC_WARN_UNDECLARED_SELECTOR = YES;
				GCC_WARN_UNINITIALIZED_AUTOS = YES_AGGRESSIVE;
				GCC_WARN_UNUSED_FUNCTION = YES;
				GCC_WARN_UNUSED_VARIABLE = YES;
				LOCALIZATION_PREFERS_STRING_CATALOGS = YES;
				MTL_ENABLE_DEBUG_INFO = NO;
				MTL_FAST_MATH = YES;
				SWIFT_COMPILATION_MODE = wholemodule;
			};
			name = Release;
		};
		37C105022B7D2BD8003D87FA /* Debug */ = {
			isa = XCBuildConfiguration;
			buildSettings = {
				ASSETCATALOG_COMPILER_APPICON_NAME = AppIcon;
				ASSETCATALOG_COMPILER_GLOBAL_ACCENT_COLOR_NAME = AccentColor;
				CODE_SIGN_ENTITLEMENTS = "Solvedex Challenge/Solvedex_Challenge.entitlements";
				CODE_SIGN_STYLE = Automatic;
				CURRENT_PROJECT_VERSION = 1;
				DEVELOPMENT_ASSET_PATHS = "\"Solvedex Challenge/Preview Content\"";
				DEVELOPMENT_TEAM = D5DZX4N5C6;
				ENABLE_HARDENED_RUNTIME = YES;
				ENABLE_PREVIEWS = YES;
				GENERATE_INFOPLIST_FILE = YES;
				"INFOPLIST_KEY_UIApplicationSceneManifest_Generation[sdk=iphoneos*]" = YES;
				"INFOPLIST_KEY_UIApplicationSceneManifest_Generation[sdk=iphonesimulator*]" = YES;
				"INFOPLIST_KEY_UIApplicationSupportsIndirectInputEvents[sdk=iphoneos*]" = YES;
				"INFOPLIST_KEY_UIApplicationSupportsIndirectInputEvents[sdk=iphonesimulator*]" = YES;
				"INFOPLIST_KEY_UILaunchScreen_Generation[sdk=iphoneos*]" = YES;
				"INFOPLIST_KEY_UILaunchScreen_Generation[sdk=iphonesimulator*]" = YES;
				"INFOPLIST_KEY_UIStatusBarStyle[sdk=iphoneos*]" = UIStatusBarStyleDefault;
				"INFOPLIST_KEY_UIStatusBarStyle[sdk=iphonesimulator*]" = UIStatusBarStyleDefault;
				INFOPLIST_KEY_UISupportedInterfaceOrientations_iPad = "UIInterfaceOrientationPortrait UIInterfaceOrientationPortraitUpsideDown UIInterfaceOrientationLandscapeLeft UIInterfaceOrientationLandscapeRight";
				INFOPLIST_KEY_UISupportedInterfaceOrientations_iPhone = "UIInterfaceOrientationPortrait UIInterfaceOrientationLandscapeLeft UIInterfaceOrientationLandscapeRight";
				IPHONEOS_DEPLOYMENT_TARGET = 17.2;
				LD_RUNPATH_SEARCH_PATHS = "@executable_path/Frameworks";
				"LD_RUNPATH_SEARCH_PATHS[sdk=macosx*]" = "@executable_path/../Frameworks";
				MACOSX_DEPLOYMENT_TARGET = 14.2;
				MARKETING_VERSION = 1.0;
				PRODUCT_BUNDLE_IDENTIFIER = "com.nicolasrod.Solvedex-Challenge";
				PRODUCT_NAME = "$(TARGET_NAME)";
				SDKROOT = auto;
				SUPPORTED_PLATFORMS = "iphoneos iphonesimulator macosx";
				SWIFT_EMIT_LOC_STRINGS = YES;
				SWIFT_VERSION = 5.0;
				TARGETED_DEVICE_FAMILY = "1,2";
			};
			name = Debug;
		};
		37C105032B7D2BD8003D87FA /* Release */ = {
			isa = XCBuildConfiguration;
			buildSettings = {
				ASSETCATALOG_COMPILER_APPICON_NAME = AppIcon;
				ASSETCATALOG_COMPILER_GLOBAL_ACCENT_COLOR_NAME = AccentColor;
				CODE_SIGN_ENTITLEMENTS = "Solvedex Challenge/Solvedex_Challenge.entitlements";
				CODE_SIGN_STYLE = Automatic;
				CURRENT_PROJECT_VERSION = 1;
				DEVELOPMENT_ASSET_PATHS = "\"Solvedex Challenge/Preview Content\"";
				DEVELOPMENT_TEAM = D5DZX4N5C6;
				ENABLE_HARDENED_RUNTIME = YES;
				ENABLE_PREVIEWS = YES;
				GENERATE_INFOPLIST_FILE = YES;
				"INFOPLIST_KEY_UIApplicationSceneManifest_Generation[sdk=iphoneos*]" = YES;
				"INFOPLIST_KEY_UIApplicationSceneManifest_Generation[sdk=iphonesimulator*]" = YES;
				"INFOPLIST_KEY_UIApplicationSupportsIndirectInputEvents[sdk=iphoneos*]" = YES;
				"INFOPLIST_KEY_UIApplicationSupportsIndirectInputEvents[sdk=iphonesimulator*]" = YES;
				"INFOPLIST_KEY_UILaunchScreen_Generation[sdk=iphoneos*]" = YES;
				"INFOPLIST_KEY_UILaunchScreen_Generation[sdk=iphonesimulator*]" = YES;
				"INFOPLIST_KEY_UIStatusBarStyle[sdk=iphoneos*]" = UIStatusBarStyleDefault;
				"INFOPLIST_KEY_UIStatusBarStyle[sdk=iphonesimulator*]" = UIStatusBarStyleDefault;
				INFOPLIST_KEY_UISupportedInterfaceOrientations_iPad = "UIInterfaceOrientationPortrait UIInterfaceOrientationPortraitUpsideDown UIInterfaceOrientationLandscapeLeft UIInterfaceOrientationLandscapeRight";
				INFOPLIST_KEY_UISupportedInterfaceOrientations_iPhone = "UIInterfaceOrientationPortrait UIInterfaceOrientationLandscapeLeft UIInterfaceOrientationLandscapeRight";
				IPHONEOS_DEPLOYMENT_TARGET = 17.2;
				LD_RUNPATH_SEARCH_PATHS = "@executable_path/Frameworks";
				"LD_RUNPATH_SEARCH_PATHS[sdk=macosx*]" = "@executable_path/../Frameworks";
				MACOSX_DEPLOYMENT_TARGET = 14.2;
				MARKETING_VERSION = 1.0;
				PRODUCT_BUNDLE_IDENTIFIER = "com.nicolasrod.Solvedex-Challenge";
				PRODUCT_NAME = "$(TARGET_NAME)";
				SDKROOT = auto;
				SUPPORTED_PLATFORMS = "iphoneos iphonesimulator macosx";
				SWIFT_EMIT_LOC_STRINGS = YES;
				SWIFT_VERSION = 5.0;
				TARGETED_DEVICE_FAMILY = "1,2";
			};
			name = Release;
		};
		37C105052B7D2BD8003D87FA /* Debug */ = {
			isa = XCBuildConfiguration;
			buildSettings = {
				ALWAYS_EMBED_SWIFT_STANDARD_LIBRARIES = YES;
				BUNDLE_LOADER = "$(TEST_HOST)";
				CODE_SIGN_STYLE = Automatic;
				CURRENT_PROJECT_VERSION = 1;
				DEVELOPMENT_TEAM = D5DZX4N5C6;
				GENERATE_INFOPLIST_FILE = YES;
				IPHONEOS_DEPLOYMENT_TARGET = 17.2;
				MACOSX_DEPLOYMENT_TARGET = 14.2;
				MARKETING_VERSION = 1.0;
				PRODUCT_BUNDLE_IDENTIFIER = "com.nicolasrod.Solvedex-ChallengeTests";
				PRODUCT_NAME = "$(TARGET_NAME)";
				SDKROOT = auto;
				SUPPORTED_PLATFORMS = "iphoneos iphonesimulator macosx";
				SWIFT_EMIT_LOC_STRINGS = NO;
				SWIFT_VERSION = 5.0;
				TARGETED_DEVICE_FAMILY = "1,2";
				TEST_HOST = "$(BUILT_PRODUCTS_DIR)/Solvedex Challenge.app/$(BUNDLE_EXECUTABLE_FOLDER_PATH)/Solvedex Challenge";
			};
			name = Debug;
		};
		37C105062B7D2BD8003D87FA /* Release */ = {
			isa = XCBuildConfiguration;
			buildSettings = {
				ALWAYS_EMBED_SWIFT_STANDARD_LIBRARIES = YES;
				BUNDLE_LOADER = "$(TEST_HOST)";
				CODE_SIGN_STYLE = Automatic;
				CURRENT_PROJECT_VERSION = 1;
				DEVELOPMENT_TEAM = D5DZX4N5C6;
				GENERATE_INFOPLIST_FILE = YES;
				IPHONEOS_DEPLOYMENT_TARGET = 17.2;
				MACOSX_DEPLOYMENT_TARGET = 14.2;
				MARKETING_VERSION = 1.0;
				PRODUCT_BUNDLE_IDENTIFIER = "com.nicolasrod.Solvedex-ChallengeTests";
				PRODUCT_NAME = "$(TARGET_NAME)";
				SDKROOT = auto;
				SUPPORTED_PLATFORMS = "iphoneos iphonesimulator macosx";
				SWIFT_EMIT_LOC_STRINGS = NO;
				SWIFT_VERSION = 5.0;
				TARGETED_DEVICE_FAMILY = "1,2";
				TEST_HOST = "$(BUILT_PRODUCTS_DIR)/Solvedex Challenge.app/$(BUNDLE_EXECUTABLE_FOLDER_PATH)/Solvedex Challenge";
			};
			name = Release;
		};
		37C105082B7D2BD8003D87FA /* Debug */ = {
			isa = XCBuildConfiguration;
			buildSettings = {
				ALWAYS_EMBED_SWIFT_STANDARD_LIBRARIES = YES;
				CODE_SIGN_STYLE = Automatic;
				CURRENT_PROJECT_VERSION = 1;
				DEVELOPMENT_TEAM = D5DZX4N5C6;
				GENERATE_INFOPLIST_FILE = YES;
				IPHONEOS_DEPLOYMENT_TARGET = 17.2;
				MACOSX_DEPLOYMENT_TARGET = 14.2;
				MARKETING_VERSION = 1.0;
				PRODUCT_BUNDLE_IDENTIFIER = "com.nicolasrod.Solvedex-ChallengeUITests";
				PRODUCT_NAME = "$(TARGET_NAME)";
				SDKROOT = auto;
				SUPPORTED_PLATFORMS = "iphoneos iphonesimulator macosx";
				SWIFT_EMIT_LOC_STRINGS = NO;
				SWIFT_VERSION = 5.0;
				TARGETED_DEVICE_FAMILY = "1,2";
				TEST_TARGET_NAME = "Solvedex Challenge";
			};
			name = Debug;
		};
		37C105092B7D2BD8003D87FA /* Release */ = {
			isa = XCBuildConfiguration;
			buildSettings = {
				ALWAYS_EMBED_SWIFT_STANDARD_LIBRARIES = YES;
				CODE_SIGN_STYLE = Automatic;
				CURRENT_PROJECT_VERSION = 1;
				DEVELOPMENT_TEAM = D5DZX4N5C6;
				GENERATE_INFOPLIST_FILE = YES;
				IPHONEOS_DEPLOYMENT_TARGET = 17.2;
				MACOSX_DEPLOYMENT_TARGET = 14.2;
				MARKETING_VERSION = 1.0;
				PRODUCT_BUNDLE_IDENTIFIER = "com.nicolasrod.Solvedex-ChallengeUITests";
				PRODUCT_NAME = "$(TARGET_NAME)";
				SDKROOT = auto;
				SUPPORTED_PLATFORMS = "iphoneos iphonesimulator macosx";
				SWIFT_EMIT_LOC_STRINGS = NO;
				SWIFT_VERSION = 5.0;
				TARGETED_DEVICE_FAMILY = "1,2";
				TEST_TARGET_NAME = "Solvedex Challenge";
			};
			name = Release;
		};
/* End XCBuildConfiguration section */

/* Begin XCConfigurationList section */
		37C104D72B7D2BD6003D87FA /* Build configuration list for PBXProject "Solvedex Challenge" */ = {
			isa = XCConfigurationList;
			buildConfigurations = (
				37C104FF2B7D2BD8003D87FA /* Debug */,
				37C105002B7D2BD8003D87FA /* Release */,
			);
			defaultConfigurationIsVisible = 0;
			defaultConfigurationName = Release;
		};
		37C105012B7D2BD8003D87FA /* Build configuration list for PBXNativeTarget "Solvedex Challenge" */ = {
			isa = XCConfigurationList;
			buildConfigurations = (
				37C105022B7D2BD8003D87FA /* Debug */,
				37C105032B7D2BD8003D87FA /* Release */,
			);
			defaultConfigurationIsVisible = 0;
			defaultConfigurationName = Release;
		};
		37C105042B7D2BD8003D87FA /* Build configuration list for PBXNativeTarget "Solvedex ChallengeTests" */ = {
			isa = XCConfigurationList;
			buildConfigurations = (
				37C105052B7D2BD8003D87FA /* Debug */,
				37C105062B7D2BD8003D87FA /* Release */,
			);
			defaultConfigurationIsVisible = 0;
			defaultConfigurationName = Release;
		};
		37C105072B7D2BD8003D87FA /* Build configuration list for PBXNativeTarget "Solvedex ChallengeUITests" */ = {
			isa = XCConfigurationList;
			buildConfigurations = (
				37C105082B7D2BD8003D87FA /* Debug */,
				37C105092B7D2BD8003D87FA /* Release */,
			);
			defaultConfigurationIsVisible = 0;
			defaultConfigurationName = Release;
		};
/* End XCConfigurationList section */

/* Begin XCRemoteSwiftPackageReference section */
		37C1051A2B7D69AB003D87FA /* XCRemoteSwiftPackageReference "swiftui-cached-async-image" */ = {
			isa = XCRemoteSwiftPackageReference;
			repositoryURL = "https://github.com/lorenzofiamingo/swiftui-cached-async-image.git";
			requirement = {
				kind = upToNextMajorVersion;
				minimumVersion = 2.1.1;
			};
		};
/* End XCRemoteSwiftPackageReference section */

/* Begin XCSwiftPackageProductDependency section */
		37C1051B2B7D69AB003D87FA /* CachedAsyncImage */ = {
			isa = XCSwiftPackageProductDependency;
			package = 37C1051A2B7D69AB003D87FA /* XCRemoteSwiftPackageReference "swiftui-cached-async-image" */;
			productName = CachedAsyncImage;
		};
/* End XCSwiftPackageProductDependency section */
	};
	rootObject = 37C104D42B7D2BD6003D87FA /* Project object */;
}
